// !$*UTF8*$!
{
	archiveVersion = 1;
	classes = {
	};
	objectVersion = 52;
	objects = {

/* Begin PBXBuildFile section */
		4500C19A27472E3100A7A048 /* HomeView.swift in Sources */ = {isa = PBXBuildFile; fileRef = 4500C19927472E3100A7A048 /* HomeView.swift */; };
		45116D19274516F2002D278D /* transfer.swift in Sources */ = {isa = PBXBuildFile; fileRef = 45116D18274516F2002D278D /* transfer.swift */; };
		45116D202745EA40002D278D /* Intents.intentdefinition in Sources */ = {isa = PBXBuildFile; fileRef = 45116D232745EA40002D278D /* Intents.intentdefinition */; };
		45116D212745EA40002D278D /* Intents.intentdefinition in Sources */ = {isa = PBXBuildFile; fileRef = 45116D232745EA40002D278D /* Intents.intentdefinition */; };
		452C408B26F191F7000607D9 /* Settings.bundle in Resources */ = {isa = PBXBuildFile; fileRef = 452C408A26F191F7000607D9 /* Settings.bundle */; };
		454480D726EB8B98003B0AFE /* Localizable.strings in Resources */ = {isa = PBXBuildFile; fileRef = 454480D926EB8B98003B0AFE /* Localizable.strings */; };
		454480DE26EB8FE7003B0AFE /* Alamofire in Frameworks */ = {isa = PBXBuildFile; productRef = 454480DD26EB8FE7003B0AFE /* Alamofire */; };
		454D6448274B7DA100C9B2CC /* Realm in Frameworks */ = {isa = PBXBuildFile; productRef = 454D6447274B7DA100C9B2CC /* Realm */; };
		454D644A274B7DA100C9B2CC /* RealmSwift in Frameworks */ = {isa = PBXBuildFile; productRef = 454D6449274B7DA100C9B2CC /* RealmSwift */; };
		454D644C274B7DB100C9B2CC /* Realm in Frameworks */ = {isa = PBXBuildFile; productRef = 454D644B274B7DB100C9B2CC /* Realm */; };
		454D644E274B7DB100C9B2CC /* RealmSwift in Frameworks */ = {isa = PBXBuildFile; productRef = 454D644D274B7DB100C9B2CC /* RealmSwift */; };
		454D6450274BCBD900C9B2CC /* TransferedMedia.swift in Sources */ = {isa = PBXBuildFile; fileRef = 454D644F274BCBD900C9B2CC /* TransferedMedia.swift */; };
		454D6451274BCBD900C9B2CC /* TransferedMedia.swift in Sources */ = {isa = PBXBuildFile; fileRef = 454D644F274BCBD900C9B2CC /* TransferedMedia.swift */; };
		454D6452274C774000C9B2CC /* transfer.swift in Sources */ = {isa = PBXBuildFile; fileRef = 45116D18274516F2002D278D /* transfer.swift */; };
		454D645D274D25C200C9B2CC /* DetailView.swift in Sources */ = {isa = PBXBuildFile; fileRef = 454D645C274D25C200C9B2CC /* DetailView.swift */; };
		45506DB82744BAD5008E30C0 /* Intents.framework in Frameworks */ = {isa = PBXBuildFile; fileRef = 45506DB72744BAD5008E30C0 /* Intents.framework */; };
		45506DBB2744BAD5008E30C0 /* IntentHandler.swift in Sources */ = {isa = PBXBuildFile; fileRef = 45506DBA2744BAD5008E30C0 /* IntentHandler.swift */; };
		45506DBF2744BAD5008E30C0 /* hifumitogo.appex in Embed App Extensions */ = {isa = PBXBuildFile; fileRef = 45506DB52744BAD5008E30C0 /* hifumitogo.appex */; settings = {ATTRIBUTES = (RemoveHeadersOnCopy, ); }; };
		45506DC82744BBD2008E30C0 /* TransferMediaIntentHandler.swift in Sources */ = {isa = PBXBuildFile; fileRef = 45506DC72744BBD2008E30C0 /* TransferMediaIntentHandler.swift */; };
		45506DCA2744BEE6008E30C0 /* Alamofire in Frameworks */ = {isa = PBXBuildFile; productRef = 45506DC92744BEE6008E30C0 /* Alamofire */; };
		4576F10026EC31E0006597CC /* InfoPlist.strings in Resources */ = {isa = PBXBuildFile; fileRef = 4576F10226EC31E0006597CC /* InfoPlist.strings */; };
		457ED7E6274B1BE8003C2958 /* ConnectionComp.swift in Sources */ = {isa = PBXBuildFile; fileRef = 457ED7E5274B1BE8003C2958 /* ConnectionComp.swift */; };
		457ED7E8274B2188003C2958 /* GalleryComp.swift in Sources */ = {isa = PBXBuildFile; fileRef = 457ED7E7274B2188003C2958 /* GalleryComp.swift */; };
		457ED7F4274B7957003C2958 /* TransferLogs.swift in Sources */ = {isa = PBXBuildFile; fileRef = 457ED7F3274B7957003C2958 /* TransferLogs.swift */; };
		457ED7F5274B7A84003C2958 /* TransferLogs.swift in Sources */ = {isa = PBXBuildFile; fileRef = 457ED7F3274B7957003C2958 /* TransferLogs.swift */; };
		45AA097326EB8A5C001043AE /* starApp.swift in Sources */ = {isa = PBXBuildFile; fileRef = 45AA097226EB8A5C001043AE /* starApp.swift */; };
		45AA097726EB8A5D001043AE /* Assets.xcassets in Resources */ = {isa = PBXBuildFile; fileRef = 45AA097626EB8A5D001043AE /* Assets.xcassets */; };
		45AA097A26EB8A5D001043AE /* Preview Assets.xcassets in Resources */ = {isa = PBXBuildFile; fileRef = 45AA097926EB8A5D001043AE /* Preview Assets.xcassets */; };
		DFB1E46526EFF2E60035A8F3 /* Localizable.stringsdict in Resources */ = {isa = PBXBuildFile; fileRef = DFB1E46726EFF2E60035A8F3 /* Localizable.stringsdict */; };
/* End PBXBuildFile section */

/* Begin PBXContainerItemProxy section */
		45506DBD2744BAD5008E30C0 /* PBXContainerItemProxy */ = {
			isa = PBXContainerItemProxy;
			containerPortal = 45AA096726EB8A5C001043AE /* Project object */;
			proxyType = 1;
			remoteGlobalIDString = 45506DB42744BAD5008E30C0;
			remoteInfo = hifumitogo;
		};
/* End PBXContainerItemProxy section */

/* Begin PBXCopyFilesBuildPhase section */
		45506DC02744BAD5008E30C0 /* Embed App Extensions */ = {
			isa = PBXCopyFilesBuildPhase;
			buildActionMask = 2147483647;
			dstPath = "";
			dstSubfolderSpec = 13;
			files = (
				45506DBF2744BAD5008E30C0 /* hifumitogo.appex in Embed App Extensions */,
			);
			name = "Embed App Extensions";
			runOnlyForDeploymentPostprocessing = 0;
		};
/* End PBXCopyFilesBuildPhase section */

/* Begin PBXFileReference section */
		4500C19927472E3100A7A048 /* HomeView.swift */ = {isa = PBXFileReference; lastKnownFileType = sourcecode.swift; path = HomeView.swift; sourceTree = "<group>"; };
		45116D1627450686002D278D /* hifumitogo.entitlements */ = {isa = PBXFileReference; lastKnownFileType = text.plist.entitlements; path = hifumitogo.entitlements; sourceTree = "<group>"; };
		45116D18274516F2002D278D /* transfer.swift */ = {isa = PBXFileReference; lastKnownFileType = sourcecode.swift; path = transfer.swift; sourceTree = "<group>"; };
		45116D222745EA40002D278D /* Base */ = {isa = PBXFileReference; lastKnownFileType = file.intentdefinition; name = Base; path = Base.lproj/Intents.intentdefinition; sourceTree = "<group>"; };
		45116D252745EA42002D278D /* en */ = {isa = PBXFileReference; lastKnownFileType = text.plist.strings; name = en; path = en.lproj/Intents.strings; sourceTree = "<group>"; };
		45116D272745EA61002D278D /* zh-Hans */ = {isa = PBXFileReference; lastKnownFileType = text.plist.strings; name = "zh-Hans"; path = "zh-Hans.lproj/Intents.strings"; sourceTree = "<group>"; };
		45116D292745ECE7002D278D /* zh-Hant */ = {isa = PBXFileReference; lastKnownFileType = text.plist.strings; name = "zh-Hant"; path = "zh-Hant.lproj/Intents.strings"; sourceTree = "<group>"; };
		45116D2B2745ECE8002D278D /* ja */ = {isa = PBXFileReference; lastKnownFileType = text.plist.strings; name = ja; path = ja.lproj/Intents.strings; sourceTree = "<group>"; };
		452C408A26F191F7000607D9 /* Settings.bundle */ = {isa = PBXFileReference; lastKnownFileType = "wrapper.plug-in"; path = Settings.bundle; sourceTree = "<group>"; };
		452C408C26F2FBD8000607D9 /* zh-Hans */ = {isa = PBXFileReference; lastKnownFileType = text.plist.stringsdict; name = "zh-Hans"; path = "zh-Hans.lproj/Localizable.stringsdict"; sourceTree = "<group>"; };
		452C408D26F2FBDB000607D9 /* zh-Hant */ = {isa = PBXFileReference; lastKnownFileType = text.plist.stringsdict; name = "zh-Hant"; path = "zh-Hant.lproj/Localizable.stringsdict"; sourceTree = "<group>"; };
		452C408E26F2FBDC000607D9 /* ja */ = {isa = PBXFileReference; lastKnownFileType = text.plist.stringsdict; name = ja; path = ja.lproj/Localizable.stringsdict; sourceTree = "<group>"; };
		454480D826EB8B98003B0AFE /* en */ = {isa = PBXFileReference; lastKnownFileType = text.plist.strings; name = en; path = en.lproj/Localizable.strings; sourceTree = "<group>"; };
		454480DA26EB8B99003B0AFE /* zh-Hans */ = {isa = PBXFileReference; lastKnownFileType = text.plist.strings; name = "zh-Hans"; path = "zh-Hans.lproj/Localizable.strings"; sourceTree = "<group>"; };
		454480E926EBA4CC003B0AFE /* star.entitlements */ = {isa = PBXFileReference; lastKnownFileType = text.plist.entitlements; path = star.entitlements; sourceTree = "<group>"; };
		454D644F274BCBD900C9B2CC /* TransferedMedia.swift */ = {isa = PBXFileReference; lastKnownFileType = sourcecode.swift; path = TransferedMedia.swift; sourceTree = "<group>"; };
		454D645C274D25C200C9B2CC /* DetailView.swift */ = {isa = PBXFileReference; lastKnownFileType = sourcecode.swift; path = DetailView.swift; sourceTree = "<group>"; };
		45506DB52744BAD5008E30C0 /* hifumitogo.appex */ = {isa = PBXFileReference; explicitFileType = "wrapper.app-extension"; includeInIndex = 0; path = hifumitogo.appex; sourceTree = BUILT_PRODUCTS_DIR; };
		45506DB72744BAD5008E30C0 /* Intents.framework */ = {isa = PBXFileReference; lastKnownFileType = wrapper.framework; name = Intents.framework; path = System/Library/Frameworks/Intents.framework; sourceTree = SDKROOT; };
		45506DBA2744BAD5008E30C0 /* IntentHandler.swift */ = {isa = PBXFileReference; lastKnownFileType = sourcecode.swift; path = IntentHandler.swift; sourceTree = "<group>"; };
		45506DBC2744BAD5008E30C0 /* Info.plist */ = {isa = PBXFileReference; lastKnownFileType = text.plist.xml; path = Info.plist; sourceTree = "<group>"; };
		45506DC72744BBD2008E30C0 /* TransferMediaIntentHandler.swift */ = {isa = PBXFileReference; lastKnownFileType = sourcecode.swift; path = TransferMediaIntentHandler.swift; sourceTree = "<group>"; };
		4576F10126EC31E0006597CC /* en */ = {isa = PBXFileReference; lastKnownFileType = text.plist.strings; name = en; path = en.lproj/InfoPlist.strings; sourceTree = "<group>"; };
		4576F10326EC31E1006597CC /* zh-Hans */ = {isa = PBXFileReference; lastKnownFileType = text.plist.strings; name = "zh-Hans"; path = "zh-Hans.lproj/InfoPlist.strings"; sourceTree = "<group>"; };
		457ED7E5274B1BE8003C2958 /* ConnectionComp.swift */ = {isa = PBXFileReference; lastKnownFileType = sourcecode.swift; path = ConnectionComp.swift; sourceTree = "<group>"; };
		457ED7E7274B2188003C2958 /* GalleryComp.swift */ = {isa = PBXFileReference; lastKnownFileType = sourcecode.swift; path = GalleryComp.swift; sourceTree = "<group>"; };
		457ED7F3274B7957003C2958 /* TransferLogs.swift */ = {isa = PBXFileReference; lastKnownFileType = sourcecode.swift; path = TransferLogs.swift; sourceTree = "<group>"; };
		45AA096F26EB8A5C001043AE /* star.app */ = {isa = PBXFileReference; explicitFileType = wrapper.application; includeInIndex = 0; path = star.app; sourceTree = BUILT_PRODUCTS_DIR; };
		45AA097226EB8A5C001043AE /* starApp.swift */ = {isa = PBXFileReference; lastKnownFileType = sourcecode.swift; path = starApp.swift; sourceTree = "<group>"; };
		45AA097626EB8A5D001043AE /* Assets.xcassets */ = {isa = PBXFileReference; lastKnownFileType = folder.assetcatalog; path = Assets.xcassets; sourceTree = "<group>"; };
		45AA097926EB8A5D001043AE /* Preview Assets.xcassets */ = {isa = PBXFileReference; lastKnownFileType = folder.assetcatalog; path = "Preview Assets.xcassets"; sourceTree = "<group>"; };
		45AA097B26EB8A5D001043AE /* Info.plist */ = {isa = PBXFileReference; lastKnownFileType = text.plist.xml; path = Info.plist; sourceTree = "<group>"; };
		DFB1E46626EFF2E60035A8F3 /* en */ = {isa = PBXFileReference; lastKnownFileType = text.plist.stringsdict; name = en; path = en.lproj/Localizable.stringsdict; sourceTree = "<group>"; };
		DFB1E46926EFF6CC0035A8F3 /* zh-Hant */ = {isa = PBXFileReference; lastKnownFileType = text.plist.strings; name = "zh-Hant"; path = "zh-Hant.lproj/Localizable.strings"; sourceTree = "<group>"; };
		DFB1E46B26EFF6CC0035A8F3 /* zh-Hant */ = {isa = PBXFileReference; lastKnownFileType = text.plist.strings; name = "zh-Hant"; path = "zh-Hant.lproj/InfoPlist.strings"; sourceTree = "<group>"; };
		DFB1E46C26EFF9230035A8F3 /* ja */ = {isa = PBXFileReference; lastKnownFileType = text.plist.strings; name = ja; path = ja.lproj/Localizable.strings; sourceTree = "<group>"; };
		DFB1E46D26EFF9230035A8F3 /* ja */ = {isa = PBXFileReference; lastKnownFileType = text.plist.strings; name = ja; path = ja.lproj/InfoPlist.strings; sourceTree = "<group>"; };
/* End PBXFileReference section */

/* Begin PBXFrameworksBuildPhase section */
		45506DB22744BAD5008E30C0 /* Frameworks */ = {
			isa = PBXFrameworksBuildPhase;
			buildActionMask = 2147483647;
			files = (
				454D644E274B7DB100C9B2CC /* RealmSwift in Frameworks */,
				454D644C274B7DB100C9B2CC /* Realm in Frameworks */,
				45506DB82744BAD5008E30C0 /* Intents.framework in Frameworks */,
				45506DCA2744BEE6008E30C0 /* Alamofire in Frameworks */,
			);
			runOnlyForDeploymentPostprocessing = 0;
		};
		45AA096C26EB8A5C001043AE /* Frameworks */ = {
			isa = PBXFrameworksBuildPhase;
			buildActionMask = 2147483647;
			files = (
				454D644A274B7DA100C9B2CC /* RealmSwift in Frameworks */,
				454480DE26EB8FE7003B0AFE /* Alamofire in Frameworks */,
				454D6448274B7DA100C9B2CC /* Realm in Frameworks */,
			);
			runOnlyForDeploymentPostprocessing = 0;
		};
/* End PBXFrameworksBuildPhase section */

/* Begin PBXGroup section */
		45116D17274516DB002D278D /* Shared code */ = {
			isa = PBXGroup;
			children = (
				457ED7F2274B792E003C2958 /* Structs */,
				45116D18274516F2002D278D /* transfer.swift */,
			);
			path = "Shared code";
			sourceTree = "<group>";
		};
		454D6461274E108E00C9B2CC /* Pages */ = {
			isa = PBXGroup;
			children = (
				454D6464274E10C000C9B2CC /* Universal components */,
				454D6462274E109E00C9B2CC /* HomeView */,
			);
			path = Pages;
			sourceTree = "<group>";
		};
		454D6462274E109E00C9B2CC /* HomeView */ = {
			isa = PBXGroup;
			children = (
				4500C19927472E3100A7A048 /* HomeView.swift */,
				457ED7E4274B1BD3003C2958 /* Components */,
			);
			path = HomeView;
			sourceTree = "<group>";
		};
		454D6463274E10AB00C9B2CC /* DetailView */ = {
			isa = PBXGroup;
			children = (
				454D645C274D25C200C9B2CC /* DetailView.swift */,
			);
			path = DetailView;
			sourceTree = "<group>";
		};
		454D6464274E10C000C9B2CC /* Universal components */ = {
			isa = PBXGroup;
			children = (
			);
			path = "Universal components";
			sourceTree = "<group>";
		};
		45506DB62744BAD5008E30C0 /* Frameworks */ = {
			isa = PBXGroup;
			children = (
				45506DB72744BAD5008E30C0 /* Intents.framework */,
			);
			name = Frameworks;
			sourceTree = "<group>";
		};
		45506DB92744BAD5008E30C0 /* hifumitogo */ = {
			isa = PBXGroup;
			children = (
				45116D232745EA40002D278D /* Intents.intentdefinition */,
				45116D1627450686002D278D /* hifumitogo.entitlements */,
				45506DBA2744BAD5008E30C0 /* IntentHandler.swift */,
				45506DBC2744BAD5008E30C0 /* Info.plist */,
				45506DC72744BBD2008E30C0 /* TransferMediaIntentHandler.swift */,
			);
			path = hifumitogo;
			sourceTree = "<group>";
		};
		457ED7E3274B1BC5003C2958 /* UI */ = {
			isa = PBXGroup;
			children = (
				454D6461274E108E00C9B2CC /* Pages */,
				454D6463274E10AB00C9B2CC /* DetailView */,
			);
			path = UI;
			sourceTree = "<group>";
		};
		457ED7E4274B1BD3003C2958 /* Components */ = {
			isa = PBXGroup;
			children = (
				457ED7E5274B1BE8003C2958 /* ConnectionComp.swift */,
				457ED7E7274B2188003C2958 /* GalleryComp.swift */,
			);
			path = Components;
			sourceTree = "<group>";
		};
		457ED7F2274B792E003C2958 /* Structs */ = {
			isa = PBXGroup;
			children = (
				457ED7F3274B7957003C2958 /* TransferLogs.swift */,
				454D644F274BCBD900C9B2CC /* TransferedMedia.swift */,
			);
			path = Structs;
			sourceTree = "<group>";
		};
		45AA096626EB8A5C001043AE = {
			isa = PBXGroup;
			children = (
				45116D17274516DB002D278D /* Shared code */,
				45AA097126EB8A5C001043AE /* star */,
				45506DB92744BAD5008E30C0 /* hifumitogo */,
				45506DB62744BAD5008E30C0 /* Frameworks */,
				45AA097026EB8A5C001043AE /* Products */,
			);
			indentWidth = 2;
			sourceTree = "<group>";
			tabWidth = 2;
		};
		45AA097026EB8A5C001043AE /* Products */ = {
			isa = PBXGroup;
			children = (
				45AA096F26EB8A5C001043AE /* star.app */,
				45506DB52744BAD5008E30C0 /* hifumitogo.appex */,
			);
			name = Products;
			sourceTree = "<group>";
		};
		45AA097126EB8A5C001043AE /* star */ = {
			isa = PBXGroup;
			children = (
				457ED7E3274B1BC5003C2958 /* UI */,
				452C408A26F191F7000607D9 /* Settings.bundle */,
				454480E926EBA4CC003B0AFE /* star.entitlements */,
				45AA097226EB8A5C001043AE /* starApp.swift */,
				45AA097626EB8A5D001043AE /* Assets.xcassets */,
				45AA097B26EB8A5D001043AE /* Info.plist */,
				45AA097826EB8A5D001043AE /* Preview Content */,
				454480D926EB8B98003B0AFE /* Localizable.strings */,
				DFB1E46726EFF2E60035A8F3 /* Localizable.stringsdict */,
				4576F10226EC31E0006597CC /* InfoPlist.strings */,
			);
			path = star;
			sourceTree = "<group>";
		};
		45AA097826EB8A5D001043AE /* Preview Content */ = {
			isa = PBXGroup;
			children = (
				45AA097926EB8A5D001043AE /* Preview Assets.xcassets */,
			);
			path = "Preview Content";
			sourceTree = "<group>";
		};
/* End PBXGroup section */

/* Begin PBXNativeTarget section */
		45506DB42744BAD5008E30C0 /* hifumitogo */ = {
			isa = PBXNativeTarget;
			buildConfigurationList = 45506DC32744BAD5008E30C0 /* Build configuration list for PBXNativeTarget "hifumitogo" */;
			buildPhases = (
				45506DB12744BAD5008E30C0 /* Sources */,
				45506DB22744BAD5008E30C0 /* Frameworks */,
				45506DB32744BAD5008E30C0 /* Resources */,
			);
			buildRules = (
			);
			dependencies = (
			);
			name = hifumitogo;
			packageProductDependencies = (
				45506DC92744BEE6008E30C0 /* Alamofire */,
				454D644B274B7DB100C9B2CC /* Realm */,
				454D644D274B7DB100C9B2CC /* RealmSwift */,
			);
			productName = hifumitogo;
			productReference = 45506DB52744BAD5008E30C0 /* hifumitogo.appex */;
			productType = "com.apple.product-type.app-extension";
		};
		45AA096E26EB8A5C001043AE /* star */ = {
			isa = PBXNativeTarget;
			buildConfigurationList = 45AA097E26EB8A5D001043AE /* Build configuration list for PBXNativeTarget "star" */;
			buildPhases = (
				45AA096B26EB8A5C001043AE /* Sources */,
				45AA096C26EB8A5C001043AE /* Frameworks */,
				45AA096D26EB8A5C001043AE /* Resources */,
				45506DC02744BAD5008E30C0 /* Embed App Extensions */,
			);
			buildRules = (
			);
			dependencies = (
				45506DBE2744BAD5008E30C0 /* PBXTargetDependency */,
			);
			name = star;
			packageProductDependencies = (
				454480DD26EB8FE7003B0AFE /* Alamofire */,
				454D6447274B7DA100C9B2CC /* Realm */,
				454D6449274B7DA100C9B2CC /* RealmSwift */,
			);
			productName = star;
			productReference = 45AA096F26EB8A5C001043AE /* star.app */;
			productType = "com.apple.product-type.application";
		};
/* End PBXNativeTarget section */

/* Begin PBXProject section */
		45AA096726EB8A5C001043AE /* Project object */ = {
			isa = PBXProject;
			attributes = {
				LastSwiftUpdateCheck = 1300;
				LastUpgradeCheck = 1300;
				TargetAttributes = {
					45506DB42744BAD5008E30C0 = {
						CreatedOnToolsVersion = 13.0;
					};
					45AA096E26EB8A5C001043AE = {
						CreatedOnToolsVersion = 12.5.1;
					};
				};
			};
			buildConfigurationList = 45AA096A26EB8A5C001043AE /* Build configuration list for PBXProject "star" */;
			compatibilityVersion = "Xcode 9.3";
			developmentRegion = en;
			hasScannedForEncodings = 0;
			knownRegions = (
				en,
				Base,
				"zh-Hans",
				"zh-Hant",
				ja,
			);
			mainGroup = 45AA096626EB8A5C001043AE;
			packageReferences = (
				454480DC26EB8FE7003B0AFE /* XCRemoteSwiftPackageReference "Alamofire" */,
				454D6446274B7DA100C9B2CC /* XCRemoteSwiftPackageReference "realm-cocoa" */,
			);
			productRefGroup = 45AA097026EB8A5C001043AE /* Products */;
			projectDirPath = "";
			projectRoot = "";
			targets = (
				45AA096E26EB8A5C001043AE /* star */,
				45506DB42744BAD5008E30C0 /* hifumitogo */,
			);
		};
/* End PBXProject section */

/* Begin PBXResourcesBuildPhase section */
		45506DB32744BAD5008E30C0 /* Resources */ = {
			isa = PBXResourcesBuildPhase;
			buildActionMask = 2147483647;
			files = (
			);
			runOnlyForDeploymentPostprocessing = 0;
		};
		45AA096D26EB8A5C001043AE /* Resources */ = {
			isa = PBXResourcesBuildPhase;
			buildActionMask = 2147483647;
			files = (
				45AA097A26EB8A5D001043AE /* Preview Assets.xcassets in Resources */,
				4576F10026EC31E0006597CC /* InfoPlist.strings in Resources */,
				452C408B26F191F7000607D9 /* Settings.bundle in Resources */,
				454480D726EB8B98003B0AFE /* Localizable.strings in Resources */,
				DFB1E46526EFF2E60035A8F3 /* Localizable.stringsdict in Resources */,
				45AA097726EB8A5D001043AE /* Assets.xcassets in Resources */,
			);
			runOnlyForDeploymentPostprocessing = 0;
		};
/* End PBXResourcesBuildPhase section */

/* Begin PBXSourcesBuildPhase section */
		45506DB12744BAD5008E30C0 /* Sources */ = {
			isa = PBXSourcesBuildPhase;
			buildActionMask = 2147483647;
			files = (
				454D6452274C774000C9B2CC /* transfer.swift in Sources */,
				457ED7F5274B7A84003C2958 /* TransferLogs.swift in Sources */,
				45116D212745EA40002D278D /* Intents.intentdefinition in Sources */,
				45506DBB2744BAD5008E30C0 /* IntentHandler.swift in Sources */,
				454D6451274BCBD900C9B2CC /* TransferedMedia.swift in Sources */,
				45506DC82744BBD2008E30C0 /* TransferMediaIntentHandler.swift in Sources */,
			);
			runOnlyForDeploymentPostprocessing = 0;
		};
		45AA096B26EB8A5C001043AE /* Sources */ = {
			isa = PBXSourcesBuildPhase;
			buildActionMask = 2147483647;
			files = (
				4500C19A27472E3100A7A048 /* HomeView.swift in Sources */,
				454D645D274D25C200C9B2CC /* DetailView.swift in Sources */,
				457ED7E8274B2188003C2958 /* GalleryComp.swift in Sources */,
				457ED7F4274B7957003C2958 /* TransferLogs.swift in Sources */,
				45116D19274516F2002D278D /* transfer.swift in Sources */,
				45AA097326EB8A5C001043AE /* starApp.swift in Sources */,
				457ED7E6274B1BE8003C2958 /* ConnectionComp.swift in Sources */,
				454D6450274BCBD900C9B2CC /* TransferedMedia.swift in Sources */,
				45116D202745EA40002D278D /* Intents.intentdefinition in Sources */,
			);
			runOnlyForDeploymentPostprocessing = 0;
		};
/* End PBXSourcesBuildPhase section */

/* Begin PBXTargetDependency section */
		45506DBE2744BAD5008E30C0 /* PBXTargetDependency */ = {
			isa = PBXTargetDependency;
			target = 45506DB42744BAD5008E30C0 /* hifumitogo */;
			targetProxy = 45506DBD2744BAD5008E30C0 /* PBXContainerItemProxy */;
		};
/* End PBXTargetDependency section */

/* Begin PBXVariantGroup section */
		45116D232745EA40002D278D /* Intents.intentdefinition */ = {
			isa = PBXVariantGroup;
			children = (
				45116D222745EA40002D278D /* Base */,
				45116D252745EA42002D278D /* en */,
				45116D272745EA61002D278D /* zh-Hans */,
				45116D292745ECE7002D278D /* zh-Hant */,
				45116D2B2745ECE8002D278D /* ja */,
			);
			name = Intents.intentdefinition;
			sourceTree = "<group>";
		};
		454480D926EB8B98003B0AFE /* Localizable.strings */ = {
			isa = PBXVariantGroup;
			children = (
				454480D826EB8B98003B0AFE /* en */,
				454480DA26EB8B99003B0AFE /* zh-Hans */,
				DFB1E46926EFF6CC0035A8F3 /* zh-Hant */,
				DFB1E46C26EFF9230035A8F3 /* ja */,
			);
			name = Localizable.strings;
			sourceTree = "<group>";
		};
		4576F10226EC31E0006597CC /* InfoPlist.strings */ = {
			isa = PBXVariantGroup;
			children = (
				4576F10126EC31E0006597CC /* en */,
				4576F10326EC31E1006597CC /* zh-Hans */,
				DFB1E46B26EFF6CC0035A8F3 /* zh-Hant */,
				DFB1E46D26EFF9230035A8F3 /* ja */,
			);
			name = InfoPlist.strings;
			sourceTree = "<group>";
		};
		DFB1E46726EFF2E60035A8F3 /* Localizable.stringsdict */ = {
			isa = PBXVariantGroup;
			children = (
				DFB1E46626EFF2E60035A8F3 /* en */,
				452C408C26F2FBD8000607D9 /* zh-Hans */,
				452C408D26F2FBDB000607D9 /* zh-Hant */,
				452C408E26F2FBDC000607D9 /* ja */,
			);
			name = Localizable.stringsdict;
			sourceTree = "<group>";
		};
/* End PBXVariantGroup section */

/* Begin XCBuildConfiguration section */
		45506DC12744BAD5008E30C0 /* Debug */ = {
			isa = XCBuildConfiguration;
			buildSettings = {
				CLANG_CXX_LANGUAGE_STANDARD = "gnu++17";
				CODE_SIGN_ENTITLEMENTS = hifumitogo/hifumitogo.entitlements;
				CODE_SIGN_STYLE = Automatic;
				CURRENT_PROJECT_VERSION = 3;
				DEVELOPMENT_TEAM = AEV7JY3XBK;
				GENERATE_INFOPLIST_FILE = YES;
				INFOPLIST_FILE = hifumitogo/Info.plist;
				INFOPLIST_KEY_CFBundleDisplayName = hifumitogo;
				INFOPLIST_KEY_NSHumanReadableCopyright = "";
				IPHONEOS_DEPLOYMENT_TARGET = 15.0;
				LD_RUNPATH_SEARCH_PATHS = (
					"$(inherited)",
					"@executable_path/Frameworks",
					"@executable_path/../../Frameworks",
				);
				MARKETING_VERSION = 2.0.0;
				PRODUCT_BUNDLE_IDENTIFIER = com.astrianzheng.star.hifumitogo;
				PRODUCT_NAME = "$(TARGET_NAME)";
				SKIP_INSTALL = YES;
				SWIFT_EMIT_LOC_STRINGS = YES;
				SWIFT_VERSION = 5.0;
				TARGETED_DEVICE_FAMILY = 1;
			};
			name = Debug;
		};
		45506DC22744BAD5008E30C0 /* Release */ = {
			isa = XCBuildConfiguration;
			buildSettings = {
				CLANG_CXX_LANGUAGE_STANDARD = "gnu++17";
				CODE_SIGN_ENTITLEMENTS = hifumitogo/hifumitogo.entitlements;
				CODE_SIGN_STYLE = Automatic;
				CURRENT_PROJECT_VERSION = 3;
				DEVELOPMENT_TEAM = AEV7JY3XBK;
				GENERATE_INFOPLIST_FILE = YES;
				INFOPLIST_FILE = hifumitogo/Info.plist;
				INFOPLIST_KEY_CFBundleDisplayName = hifumitogo;
				INFOPLIST_KEY_NSHumanReadableCopyright = "";
				IPHONEOS_DEPLOYMENT_TARGET = 15.0;
				LD_RUNPATH_SEARCH_PATHS = (
					"$(inherited)",
					"@executable_path/Frameworks",
					"@executable_path/../../Frameworks",
				);
				MARKETING_VERSION = 2.0.0;
				PRODUCT_BUNDLE_IDENTIFIER = com.astrianzheng.star.hifumitogo;
				PRODUCT_NAME = "$(TARGET_NAME)";
				SKIP_INSTALL = YES;
				SWIFT_EMIT_LOC_STRINGS = YES;
				SWIFT_VERSION = 5.0;
				TARGETED_DEVICE_FAMILY = 1;
			};
			name = Release;
		};
		45AA097C26EB8A5D001043AE /* Debug */ = {
			isa = XCBuildConfiguration;
			buildSettings = {
				ALWAYS_SEARCH_USER_PATHS = NO;
				CLANG_ANALYZER_LOCALIZABILITY_NONLOCALIZED = YES;
				CLANG_ANALYZER_NONNULL = YES;
				CLANG_ANALYZER_NUMBER_OBJECT_CONVERSION = YES_AGGRESSIVE;
				CLANG_CXX_LANGUAGE_STANDARD = "gnu++14";
				CLANG_CXX_LIBRARY = "libc++";
				CLANG_ENABLE_MODULES = YES;
				CLANG_ENABLE_OBJC_ARC = YES;
				CLANG_ENABLE_OBJC_WEAK = YES;
				CLANG_WARN_BLOCK_CAPTURE_AUTORELEASING = YES;
				CLANG_WARN_BOOL_CONVERSION = YES;
				CLANG_WARN_COMMA = YES;
				CLANG_WARN_CONSTANT_CONVERSION = YES;
				CLANG_WARN_DEPRECATED_OBJC_IMPLEMENTATIONS = YES;
				CLANG_WARN_DIRECT_OBJC_ISA_USAGE = YES_ERROR;
				CLANG_WARN_DOCUMENTATION_COMMENTS = YES;
				CLANG_WARN_EMPTY_BODY = YES;
				CLANG_WARN_ENUM_CONVERSION = YES;
				CLANG_WARN_INFINITE_RECURSION = YES;
				CLANG_WARN_INT_CONVERSION = YES;
				CLANG_WARN_NON_LITERAL_NULL_CONVERSION = YES;
				CLANG_WARN_OBJC_IMPLICIT_RETAIN_SELF = YES;
				CLANG_WARN_OBJC_LITERAL_CONVERSION = YES;
				CLANG_WARN_OBJC_ROOT_CLASS = YES_ERROR;
				CLANG_WARN_QUOTED_INCLUDE_IN_FRAMEWORK_HEADER = YES;
				CLANG_WARN_RANGE_LOOP_ANALYSIS = YES;
				CLANG_WARN_STRICT_PROTOTYPES = YES;
				CLANG_WARN_SUSPICIOUS_MOVE = YES;
				CLANG_WARN_UNGUARDED_AVAILABILITY = YES_AGGRESSIVE;
				CLANG_WARN_UNREACHABLE_CODE = YES;
				CLANG_WARN__DUPLICATE_METHOD_MATCH = YES;
				COPY_PHASE_STRIP = NO;
				DEBUG_INFORMATION_FORMAT = dwarf;
				ENABLE_STRICT_OBJC_MSGSEND = YES;
				ENABLE_TESTABILITY = YES;
				GCC_C_LANGUAGE_STANDARD = gnu11;
				GCC_DYNAMIC_NO_PIC = NO;
				GCC_NO_COMMON_BLOCKS = YES;
				GCC_OPTIMIZATION_LEVEL = 0;
				GCC_PREPROCESSOR_DEFINITIONS = (
					"DEBUG=1",
					"$(inherited)",
				);
				GCC_WARN_64_TO_32_BIT_CONVERSION = YES;
				GCC_WARN_ABOUT_RETURN_TYPE = YES_ERROR;
				GCC_WARN_UNDECLARED_SELECTOR = YES;
				GCC_WARN_UNINITIALIZED_AUTOS = YES_AGGRESSIVE;
				GCC_WARN_UNUSED_FUNCTION = YES;
				GCC_WARN_UNUSED_VARIABLE = YES;
				IPHONEOS_DEPLOYMENT_TARGET = 15.0;
				MTL_ENABLE_DEBUG_INFO = INCLUDE_SOURCE;
				MTL_FAST_MATH = YES;
				ONLY_ACTIVE_ARCH = YES;
				SDKROOT = iphoneos;
				SWIFT_ACTIVE_COMPILATION_CONDITIONS = DEBUG;
				SWIFT_OPTIMIZATION_LEVEL = "-Onone";
			};
			name = Debug;
		};
		45AA097D26EB8A5D001043AE /* Release */ = {
			isa = XCBuildConfiguration;
			buildSettings = {
				ALWAYS_SEARCH_USER_PATHS = NO;
				CLANG_ANALYZER_LOCALIZABILITY_NONLOCALIZED = YES;
				CLANG_ANALYZER_NONNULL = YES;
				CLANG_ANALYZER_NUMBER_OBJECT_CONVERSION = YES_AGGRESSIVE;
				CLANG_CXX_LANGUAGE_STANDARD = "gnu++14";
				CLANG_CXX_LIBRARY = "libc++";
				CLANG_ENABLE_MODULES = YES;
				CLANG_ENABLE_OBJC_ARC = YES;
				CLANG_ENABLE_OBJC_WEAK = YES;
				CLANG_WARN_BLOCK_CAPTURE_AUTORELEASING = YES;
				CLANG_WARN_BOOL_CONVERSION = YES;
				CLANG_WARN_COMMA = YES;
				CLANG_WARN_CONSTANT_CONVERSION = YES;
				CLANG_WARN_DEPRECATED_OBJC_IMPLEMENTATIONS = YES;
				CLANG_WARN_DIRECT_OBJC_ISA_USAGE = YES_ERROR;
				CLANG_WARN_DOCUMENTATION_COMMENTS = YES;
				CLANG_WARN_EMPTY_BODY = YES;
				CLANG_WARN_ENUM_CONVERSION = YES;
				CLANG_WARN_INFINITE_RECURSION = YES;
				CLANG_WARN_INT_CONVERSION = YES;
				CLANG_WARN_NON_LITERAL_NULL_CONVERSION = YES;
				CLANG_WARN_OBJC_IMPLICIT_RETAIN_SELF = YES;
				CLANG_WARN_OBJC_LITERAL_CONVERSION = YES;
				CLANG_WARN_OBJC_ROOT_CLASS = YES_ERROR;
				CLANG_WARN_QUOTED_INCLUDE_IN_FRAMEWORK_HEADER = YES;
				CLANG_WARN_RANGE_LOOP_ANALYSIS = YES;
				CLANG_WARN_STRICT_PROTOTYPES = YES;
				CLANG_WARN_SUSPICIOUS_MOVE = YES;
				CLANG_WARN_UNGUARDED_AVAILABILITY = YES_AGGRESSIVE;
				CLANG_WARN_UNREACHABLE_CODE = YES;
				CLANG_WARN__DUPLICATE_METHOD_MATCH = YES;
				COPY_PHASE_STRIP = NO;
				DEBUG_INFORMATION_FORMAT = "dwarf-with-dsym";
				ENABLE_NS_ASSERTIONS = NO;
				ENABLE_STRICT_OBJC_MSGSEND = YES;
				GCC_C_LANGUAGE_STANDARD = gnu11;
				GCC_NO_COMMON_BLOCKS = YES;
				GCC_WARN_64_TO_32_BIT_CONVERSION = YES;
				GCC_WARN_ABOUT_RETURN_TYPE = YES_ERROR;
				GCC_WARN_UNDECLARED_SELECTOR = YES;
				GCC_WARN_UNINITIALIZED_AUTOS = YES_AGGRESSIVE;
				GCC_WARN_UNUSED_FUNCTION = YES;
				GCC_WARN_UNUSED_VARIABLE = YES;
				IPHONEOS_DEPLOYMENT_TARGET = 15.0;
				MTL_ENABLE_DEBUG_INFO = NO;
				MTL_FAST_MATH = YES;
				SDKROOT = iphoneos;
				SWIFT_COMPILATION_MODE = wholemodule;
				SWIFT_OPTIMIZATION_LEVEL = "-O";
				VALIDATE_PRODUCT = YES;
			};
			name = Release;
		};
		45AA097F26EB8A5D001043AE /* Debug */ = {
			isa = XCBuildConfiguration;
			buildSettings = {
				ALWAYS_EMBED_SWIFT_STANDARD_LIBRARIES = YES;
				ASSETCATALOG_COMPILER_APPICON_NAME = AppIcon;
				ASSETCATALOG_COMPILER_GLOBAL_ACCENT_COLOR_NAME = AccentColor;
				CODE_SIGN_ENTITLEMENTS = star/star.entitlements;
				CODE_SIGN_STYLE = Automatic;
				CURRENT_PROJECT_VERSION = 3;
				DEVELOPMENT_ASSET_PATHS = "\"star/Preview Content\"";
				DEVELOPMENT_TEAM = AEV7JY3XBK;
				ENABLE_PREVIEWS = YES;
				INFOPLIST_FILE = star/Info.plist;
				IPHONEOS_DEPLOYMENT_TARGET = 15.0;
				LD_RUNPATH_SEARCH_PATHS = (
					"$(inherited)",
					"@executable_path/Frameworks",
				);
				MARKETING_VERSION = 2.0.0;
				PRODUCT_BUNDLE_IDENTIFIER = com.astrianzheng.star;
				PRODUCT_NAME = "$(TARGET_NAME)";
				SWIFT_VERSION = 5.0;
				TARGETED_DEVICE_FAMILY = 1;
			};
			name = Debug;
		};
		45AA098026EB8A5D001043AE /* Release */ = {
			isa = XCBuildConfiguration;
			buildSettings = {
				ALWAYS_EMBED_SWIFT_STANDARD_LIBRARIES = YES;
				ASSETCATALOG_COMPILER_APPICON_NAME = AppIcon;
				ASSETCATALOG_COMPILER_GLOBAL_ACCENT_COLOR_NAME = AccentColor;
				CODE_SIGN_ENTITLEMENTS = star/star.entitlements;
				CODE_SIGN_STYLE = Automatic;
				CURRENT_PROJECT_VERSION = 3;
				DEVELOPMENT_ASSET_PATHS = "\"star/Preview Content\"";
				DEVELOPMENT_TEAM = AEV7JY3XBK;
				ENABLE_PREVIEWS = YES;
				INFOPLIST_FILE = star/Info.plist;
				IPHONEOS_DEPLOYMENT_TARGET = 15.0;
				LD_RUNPATH_SEARCH_PATHS = (
					"$(inherited)",
					"@executable_path/Frameworks",
				);
				MARKETING_VERSION = 2.0.0;
				PRODUCT_BUNDLE_IDENTIFIER = com.astrianzheng.star;
				PRODUCT_NAME = "$(TARGET_NAME)";
				SWIFT_VERSION = 5.0;
				TARGETED_DEVICE_FAMILY = 1;
			};
			name = Release;
		};
/* End XCBuildConfiguration section */

/* Begin XCConfigurationList section */
		45506DC32744BAD5008E30C0 /* Build configuration list for PBXNativeTarget "hifumitogo" */ = {
			isa = XCConfigurationList;
			buildConfigurations = (
				45506DC12744BAD5008E30C0 /* Debug */,
				45506DC22744BAD5008E30C0 /* Release */,
			);
			defaultConfigurationIsVisible = 0;
			defaultConfigurationName = Release;
		};
		45AA096A26EB8A5C001043AE /* Build configuration list for PBXProject "star" */ = {
			isa = XCConfigurationList;
			buildConfigurations = (
				45AA097C26EB8A5D001043AE /* Debug */,
				45AA097D26EB8A5D001043AE /* Release */,
			);
			defaultConfigurationIsVisible = 0;
			defaultConfigurationName = Release;
		};
		45AA097E26EB8A5D001043AE /* Build configuration list for PBXNativeTarget "star" */ = {
			isa = XCConfigurationList;
			buildConfigurations = (
				45AA097F26EB8A5D001043AE /* Debug */,
				45AA098026EB8A5D001043AE /* Release */,
			);
			defaultConfigurationIsVisible = 0;
			defaultConfigurationName = Release;
		};
/* End XCConfigurationList section */

/* Begin XCRemoteSwiftPackageReference section */
		454480DC26EB8FE7003B0AFE /* XCRemoteSwiftPackageReference "Alamofire" */ = {
			isa = XCRemoteSwiftPackageReference;
			repositoryURL = "https://github.com/Alamofire/Alamofire";
			requirement = {
				kind = upToNextMajorVersion;
				minimumVersion = 5.0.0;
			};
		};
		454D6446274B7DA100C9B2CC /* XCRemoteSwiftPackageReference "realm-cocoa" */ = {
			isa = XCRemoteSwiftPackageReference;
			repositoryURL = "https://github.com/realm/realm-cocoa";
			requirement = {
				kind = upToNextMajorVersion;
				minimumVersion = 10.19.0;
			};
		};
/* End XCRemoteSwiftPackageReference section */

/* Begin XCSwiftPackageProductDependency section */
		454480DD26EB8FE7003B0AFE /* Alamofire */ = {
			isa = XCSwiftPackageProductDependency;
			package = 454480DC26EB8FE7003B0AFE /* XCRemoteSwiftPackageReference "Alamofire" */;
			productName = Alamofire;
		};
		454D6447274B7DA100C9B2CC /* Realm */ = {
			isa = XCSwiftPackageProductDependency;
			package = 454D6446274B7DA100C9B2CC /* XCRemoteSwiftPackageReference "realm-cocoa" */;
			productName = Realm;
		};
		454D6449274B7DA100C9B2CC /* RealmSwift */ = {
			isa = XCSwiftPackageProductDependency;
			package = 454D6446274B7DA100C9B2CC /* XCRemoteSwiftPackageReference "realm-cocoa" */;
			productName = RealmSwift;
		};
		454D644B274B7DB100C9B2CC /* Realm */ = {
			isa = XCSwiftPackageProductDependency;
			package = 454D6446274B7DA100C9B2CC /* XCRemoteSwiftPackageReference "realm-cocoa" */;
			productName = Realm;
		};
		454D644D274B7DB100C9B2CC /* RealmSwift */ = {
			isa = XCSwiftPackageProductDependency;
			package = 454D6446274B7DA100C9B2CC /* XCRemoteSwiftPackageReference "realm-cocoa" */;
			productName = RealmSwift;
		};
		45506DC92744BEE6008E30C0 /* Alamofire */ = {
			isa = XCSwiftPackageProductDependency;
			package = 454480DC26EB8FE7003B0AFE /* XCRemoteSwiftPackageReference "Alamofire" */;
			productName = Alamofire;
		};
/* End XCSwiftPackageProductDependency section */
	};
	rootObject = 45AA096726EB8A5C001043AE /* Project object */;
}
