// !$*UTF8*$!
{
	archiveVersion = 1;
	classes = {
	};
	objectVersion = 52;
	objects = {

/* Begin PBXBuildFile section */
		452C408B26F191F7000607D9 /* Settings.bundle in Resources */ = {isa = PBXBuildFile; fileRef = 452C408A26F191F7000607D9 /* Settings.bundle */; };
		454480D426EB8B49003B0AFE /* ConnectionView.swift in Sources */ = {isa = PBXBuildFile; fileRef = 454480D326EB8B49003B0AFE /* ConnectionView.swift */; };
		454480D726EB8B98003B0AFE /* Localizable.strings in Resources */ = {isa = PBXBuildFile; fileRef = 454480D926EB8B98003B0AFE /* Localizable.strings */; };
		454480DE26EB8FE7003B0AFE /* Alamofire in Frameworks */ = {isa = PBXBuildFile; productRef = 454480DD26EB8FE7003B0AFE /* Alamofire */; };
		454480E126EB90CF003B0AFE /* Debug.swift in Sources */ = {isa = PBXBuildFile; fileRef = 454480E026EB90CF003B0AFE /* Debug.swift */; };
		454480E326EB9C65003B0AFE /* AlbumView.swift in Sources */ = {isa = PBXBuildFile; fileRef = 454480E226EB9C65003B0AFE /* AlbumView.swift */; };
		454480E526EB9F95003B0AFE /* Files.swift in Sources */ = {isa = PBXBuildFile; fileRef = 454480E426EB9F95003B0AFE /* Files.swift */; };
		454480E826EBA34D003B0AFE /* AlertToast in Frameworks */ = {isa = PBXBuildFile; productRef = 454480E726EBA34D003B0AFE /* AlertToast */; };
		454480EB26EBBA21003B0AFE /* ImageLoader.swift in Sources */ = {isa = PBXBuildFile; fileRef = 454480EA26EBBA21003B0AFE /* ImageLoader.swift */; };
		45506DB82744BAD5008E30C0 /* Intents.framework in Frameworks */ = {isa = PBXBuildFile; fileRef = 45506DB72744BAD5008E30C0 /* Intents.framework */; };
		45506DBB2744BAD5008E30C0 /* IntentHandler.swift in Sources */ = {isa = PBXBuildFile; fileRef = 45506DBA2744BAD5008E30C0 /* IntentHandler.swift */; };
		45506DBF2744BAD5008E30C0 /* hifumitogo.appex in Embed App Extensions */ = {isa = PBXBuildFile; fileRef = 45506DB52744BAD5008E30C0 /* hifumitogo.appex */; settings = {ATTRIBUTES = (RemoveHeadersOnCopy, ); }; };
		45506DC52744BAFC008E30C0 /* Intents.intentdefinition in Sources */ = {isa = PBXBuildFile; fileRef = 45506DC42744BAFC008E30C0 /* Intents.intentdefinition */; };
		45506DC62744BAFC008E30C0 /* Intents.intentdefinition in Sources */ = {isa = PBXBuildFile; fileRef = 45506DC42744BAFC008E30C0 /* Intents.intentdefinition */; };
		45506DC82744BBD2008E30C0 /* TransferMediaIntentHandler.swift in Sources */ = {isa = PBXBuildFile; fileRef = 45506DC72744BBD2008E30C0 /* TransferMediaIntentHandler.swift */; };
		45506DCA2744BEE6008E30C0 /* Alamofire in Frameworks */ = {isa = PBXBuildFile; productRef = 45506DC92744BEE6008E30C0 /* Alamofire */; };
		4573D79D26EC3A1600556DF7 /* Introspect in Frameworks */ = {isa = PBXBuildFile; productRef = 4573D79C26EC3A1600556DF7 /* Introspect */; };
		4573D7A126EC525B00556DF7 /* ImageViewer in Frameworks */ = {isa = PBXBuildFile; productRef = 4573D7A026EC525B00556DF7 /* ImageViewer */; };
		4576F10026EC31E0006597CC /* InfoPlist.strings in Resources */ = {isa = PBXBuildFile; fileRef = 4576F10226EC31E0006597CC /* InfoPlist.strings */; };
		4576F10526EC355E006597CC /* ImageDetailView.swift in Sources */ = {isa = PBXBuildFile; fileRef = 4576F10426EC355E006597CC /* ImageDetailView.swift */; };
		45AA097326EB8A5C001043AE /* starApp.swift in Sources */ = {isa = PBXBuildFile; fileRef = 45AA097226EB8A5C001043AE /* starApp.swift */; };
		45AA097726EB8A5D001043AE /* Assets.xcassets in Resources */ = {isa = PBXBuildFile; fileRef = 45AA097626EB8A5D001043AE /* Assets.xcassets */; };
		45AA097A26EB8A5D001043AE /* Preview Assets.xcassets in Resources */ = {isa = PBXBuildFile; fileRef = 45AA097926EB8A5D001043AE /* Preview Assets.xcassets */; };
		45AEA2F926EC625F008B06AA /* VideoPlayerView.swift in Sources */ = {isa = PBXBuildFile; fileRef = 45AEA2F826EC625F008B06AA /* VideoPlayerView.swift */; };
		45AEA2FB26EC649E008B06AA /* AboutView.swift in Sources */ = {isa = PBXBuildFile; fileRef = 45AEA2FA26EC649E008B06AA /* AboutView.swift */; };
		DFB1E46526EFF2E60035A8F3 /* Localizable.stringsdict in Resources */ = {isa = PBXBuildFile; fileRef = DFB1E46726EFF2E60035A8F3 /* Localizable.stringsdict */; };
/* End PBXBuildFile section */

/* Begin PBXContainerItemProxy section */
		45506DBD2744BAD5008E30C0 /* PBXContainerItemProxy */ = {
			isa = PBXContainerItemProxy;
			containerPortal = 45AA096726EB8A5C001043AE /* Project object */;
			proxyType = 1;
			remoteGlobalIDString = 45506DB42744BAD5008E30C0;
			remoteInfo = hifumitogo;
		};
/* End PBXContainerItemProxy section */

/* Begin PBXCopyFilesBuildPhase section */
		45506DC02744BAD5008E30C0 /* Embed App Extensions */ = {
			isa = PBXCopyFilesBuildPhase;
			buildActionMask = 2147483647;
			dstPath = "";
			dstSubfolderSpec = 13;
			files = (
				45506DBF2744BAD5008E30C0 /* hifumitogo.appex in Embed App Extensions */,
			);
			name = "Embed App Extensions";
			runOnlyForDeploymentPostprocessing = 0;
		};
/* End PBXCopyFilesBuildPhase section */

/* Begin PBXFileReference section */
		452C408A26F191F7000607D9 /* Settings.bundle */ = {isa = PBXFileReference; lastKnownFileType = "wrapper.plug-in"; path = Settings.bundle; sourceTree = "<group>"; };
		452C408C26F2FBD8000607D9 /* zh-Hans */ = {isa = PBXFileReference; lastKnownFileType = text.plist.stringsdict; name = "zh-Hans"; path = "zh-Hans.lproj/Localizable.stringsdict"; sourceTree = "<group>"; };
		452C408D26F2FBDB000607D9 /* zh-Hant */ = {isa = PBXFileReference; lastKnownFileType = text.plist.stringsdict; name = "zh-Hant"; path = "zh-Hant.lproj/Localizable.stringsdict"; sourceTree = "<group>"; };
		452C408E26F2FBDC000607D9 /* ja */ = {isa = PBXFileReference; lastKnownFileType = text.plist.stringsdict; name = ja; path = ja.lproj/Localizable.stringsdict; sourceTree = "<group>"; };
		454480D326EB8B49003B0AFE /* ConnectionView.swift */ = {isa = PBXFileReference; lastKnownFileType = sourcecode.swift; path = ConnectionView.swift; sourceTree = "<group>"; };
		454480D826EB8B98003B0AFE /* en */ = {isa = PBXFileReference; lastKnownFileType = text.plist.strings; name = en; path = en.lproj/Localizable.strings; sourceTree = "<group>"; };
		454480DA26EB8B99003B0AFE /* zh-Hans */ = {isa = PBXFileReference; lastKnownFileType = text.plist.strings; name = "zh-Hans"; path = "zh-Hans.lproj/Localizable.strings"; sourceTree = "<group>"; };
		454480E026EB90CF003B0AFE /* Debug.swift */ = {isa = PBXFileReference; lastKnownFileType = sourcecode.swift; path = Debug.swift; sourceTree = "<group>"; };
		454480E226EB9C65003B0AFE /* AlbumView.swift */ = {isa = PBXFileReference; lastKnownFileType = sourcecode.swift; path = AlbumView.swift; sourceTree = "<group>"; };
		454480E426EB9F95003B0AFE /* Files.swift */ = {isa = PBXFileReference; lastKnownFileType = sourcecode.swift; path = Files.swift; sourceTree = "<group>"; };
		454480E926EBA4CC003B0AFE /* star.entitlements */ = {isa = PBXFileReference; lastKnownFileType = text.plist.entitlements; path = star.entitlements; sourceTree = "<group>"; };
		454480EA26EBBA21003B0AFE /* ImageLoader.swift */ = {isa = PBXFileReference; lastKnownFileType = sourcecode.swift; path = ImageLoader.swift; sourceTree = "<group>"; };
		45506DB52744BAD5008E30C0 /* hifumitogo.appex */ = {isa = PBXFileReference; explicitFileType = "wrapper.app-extension"; includeInIndex = 0; path = hifumitogo.appex; sourceTree = BUILT_PRODUCTS_DIR; };
		45506DB72744BAD5008E30C0 /* Intents.framework */ = {isa = PBXFileReference; lastKnownFileType = wrapper.framework; name = Intents.framework; path = System/Library/Frameworks/Intents.framework; sourceTree = SDKROOT; };
		45506DBA2744BAD5008E30C0 /* IntentHandler.swift */ = {isa = PBXFileReference; lastKnownFileType = sourcecode.swift; path = IntentHandler.swift; sourceTree = "<group>"; };
		45506DBC2744BAD5008E30C0 /* Info.plist */ = {isa = PBXFileReference; lastKnownFileType = text.plist.xml; path = Info.plist; sourceTree = "<group>"; };
		45506DC42744BAFC008E30C0 /* Intents.intentdefinition */ = {isa = PBXFileReference; lastKnownFileType = file.intentdefinition; path = Intents.intentdefinition; sourceTree = "<group>"; };
		45506DC72744BBD2008E30C0 /* TransferMediaIntentHandler.swift */ = {isa = PBXFileReference; lastKnownFileType = sourcecode.swift; path = TransferMediaIntentHandler.swift; sourceTree = "<group>"; };
		4576F10126EC31E0006597CC /* en */ = {isa = PBXFileReference; lastKnownFileType = text.plist.strings; name = en; path = en.lproj/InfoPlist.strings; sourceTree = "<group>"; };
		4576F10326EC31E1006597CC /* zh-Hans */ = {isa = PBXFileReference; lastKnownFileType = text.plist.strings; name = "zh-Hans"; path = "zh-Hans.lproj/InfoPlist.strings"; sourceTree = "<group>"; };
		4576F10426EC355E006597CC /* ImageDetailView.swift */ = {isa = PBXFileReference; lastKnownFileType = sourcecode.swift; path = ImageDetailView.swift; sourceTree = "<group>"; };
		45AA096F26EB8A5C001043AE /* star.app */ = {isa = PBXFileReference; explicitFileType = wrapper.application; includeInIndex = 0; path = star.app; sourceTree = BUILT_PRODUCTS_DIR; };
		45AA097226EB8A5C001043AE /* starApp.swift */ = {isa = PBXFileReference; lastKnownFileType = sourcecode.swift; path = starApp.swift; sourceTree = "<group>"; };
		45AA097626EB8A5D001043AE /* Assets.xcassets */ = {isa = PBXFileReference; lastKnownFileType = folder.assetcatalog; path = Assets.xcassets; sourceTree = "<group>"; };
		45AA097926EB8A5D001043AE /* Preview Assets.xcassets */ = {isa = PBXFileReference; lastKnownFileType = folder.assetcatalog; path = "Preview Assets.xcassets"; sourceTree = "<group>"; };
		45AA097B26EB8A5D001043AE /* Info.plist */ = {isa = PBXFileReference; lastKnownFileType = text.plist.xml; path = Info.plist; sourceTree = "<group>"; };
		45AEA2F826EC625F008B06AA /* VideoPlayerView.swift */ = {isa = PBXFileReference; lastKnownFileType = sourcecode.swift; path = VideoPlayerView.swift; sourceTree = "<group>"; };
		45AEA2FA26EC649E008B06AA /* AboutView.swift */ = {isa = PBXFileReference; lastKnownFileType = sourcecode.swift; path = AboutView.swift; sourceTree = "<group>"; };
		DFB1E46626EFF2E60035A8F3 /* en */ = {isa = PBXFileReference; lastKnownFileType = text.plist.stringsdict; name = en; path = en.lproj/Localizable.stringsdict; sourceTree = "<group>"; };
		DFB1E46926EFF6CC0035A8F3 /* zh-Hant */ = {isa = PBXFileReference; lastKnownFileType = text.plist.strings; name = "zh-Hant"; path = "zh-Hant.lproj/Localizable.strings"; sourceTree = "<group>"; };
		DFB1E46B26EFF6CC0035A8F3 /* zh-Hant */ = {isa = PBXFileReference; lastKnownFileType = text.plist.strings; name = "zh-Hant"; path = "zh-Hant.lproj/InfoPlist.strings"; sourceTree = "<group>"; };
		DFB1E46C26EFF9230035A8F3 /* ja */ = {isa = PBXFileReference; lastKnownFileType = text.plist.strings; name = ja; path = ja.lproj/Localizable.strings; sourceTree = "<group>"; };
		DFB1E46D26EFF9230035A8F3 /* ja */ = {isa = PBXFileReference; lastKnownFileType = text.plist.strings; name = ja; path = ja.lproj/InfoPlist.strings; sourceTree = "<group>"; };
/* End PBXFileReference section */

/* Begin PBXFrameworksBuildPhase section */
		45506DB22744BAD5008E30C0 /* Frameworks */ = {
			isa = PBXFrameworksBuildPhase;
			buildActionMask = 2147483647;
			files = (
				45506DB82744BAD5008E30C0 /* Intents.framework in Frameworks */,
				45506DCA2744BEE6008E30C0 /* Alamofire in Frameworks */,
			);
			runOnlyForDeploymentPostprocessing = 0;
		};
		45AA096C26EB8A5C001043AE /* Frameworks */ = {
			isa = PBXFrameworksBuildPhase;
			buildActionMask = 2147483647;
			files = (
				4573D7A126EC525B00556DF7 /* ImageViewer in Frameworks */,
				454480DE26EB8FE7003B0AFE /* Alamofire in Frameworks */,
				4573D79D26EC3A1600556DF7 /* Introspect in Frameworks */,
				454480E826EBA34D003B0AFE /* AlertToast in Frameworks */,
			);
			runOnlyForDeploymentPostprocessing = 0;
		};
/* End PBXFrameworksBuildPhase section */

/* Begin PBXGroup section */
		454480DB26EB8C2F003B0AFE /* Views */ = {
			isa = PBXGroup;
			children = (
				454480D326EB8B49003B0AFE /* ConnectionView.swift */,
				454480E226EB9C65003B0AFE /* AlbumView.swift */,
				4576F10426EC355E006597CC /* ImageDetailView.swift */,
				45AEA2F826EC625F008B06AA /* VideoPlayerView.swift */,
				45AEA2FA26EC649E008B06AA /* AboutView.swift */,
			);
			path = Views;
			sourceTree = "<group>";
		};
		454480DF26EB90C2003B0AFE /* Utils */ = {
			isa = PBXGroup;
			children = (
				454480E026EB90CF003B0AFE /* Debug.swift */,
				454480E426EB9F95003B0AFE /* Files.swift */,
				454480EA26EBBA21003B0AFE /* ImageLoader.swift */,
			);
			path = Utils;
			sourceTree = "<group>";
		};
		45506DB62744BAD5008E30C0 /* Frameworks */ = {
			isa = PBXGroup;
			children = (
				45506DB72744BAD5008E30C0 /* Intents.framework */,
			);
			name = Frameworks;
			sourceTree = "<group>";
		};
		45506DB92744BAD5008E30C0 /* hifumitogo */ = {
			isa = PBXGroup;
			children = (
				45506DBA2744BAD5008E30C0 /* IntentHandler.swift */,
				45506DBC2744BAD5008E30C0 /* Info.plist */,
				45506DC72744BBD2008E30C0 /* TransferMediaIntentHandler.swift */,
			);
			path = hifumitogo;
			sourceTree = "<group>";
		};
		45AA096626EB8A5C001043AE = {
			isa = PBXGroup;
			children = (
				45506DC42744BAFC008E30C0 /* Intents.intentdefinition */,
				45AA097126EB8A5C001043AE /* star */,
				45506DB92744BAD5008E30C0 /* hifumitogo */,
				45506DB62744BAD5008E30C0 /* Frameworks */,
				45AA097026EB8A5C001043AE /* Products */,
			);
			indentWidth = 2;
			sourceTree = "<group>";
			tabWidth = 2;
		};
		45AA097026EB8A5C001043AE /* Products */ = {
			isa = PBXGroup;
			children = (
				45AA096F26EB8A5C001043AE /* star.app */,
				45506DB52744BAD5008E30C0 /* hifumitogo.appex */,
			);
			name = Products;
			sourceTree = "<group>";
		};
		45AA097126EB8A5C001043AE /* star */ = {
			isa = PBXGroup;
			children = (
				452C408A26F191F7000607D9 /* Settings.bundle */,
				454480E926EBA4CC003B0AFE /* star.entitlements */,
				454480DF26EB90C2003B0AFE /* Utils */,
				454480DB26EB8C2F003B0AFE /* Views */,
				45AA097226EB8A5C001043AE /* starApp.swift */,
				45AA097626EB8A5D001043AE /* Assets.xcassets */,
				45AA097B26EB8A5D001043AE /* Info.plist */,
				45AA097826EB8A5D001043AE /* Preview Content */,
				454480D926EB8B98003B0AFE /* Localizable.strings */,
				DFB1E46726EFF2E60035A8F3 /* Localizable.stringsdict */,
				4576F10226EC31E0006597CC /* InfoPlist.strings */,
			);
			path = star;
			sourceTree = "<group>";
		};
		45AA097826EB8A5D001043AE /* Preview Content */ = {
			isa = PBXGroup;
			children = (
				45AA097926EB8A5D001043AE /* Preview Assets.xcassets */,
			);
			path = "Preview Content";
			sourceTree = "<group>";
		};
/* End PBXGroup section */

/* Begin PBXNativeTarget section */
		45506DB42744BAD5008E30C0 /* hifumitogo */ = {
			isa = PBXNativeTarget;
			buildConfigurationList = 45506DC32744BAD5008E30C0 /* Build configuration list for PBXNativeTarget "hifumitogo" */;
			buildPhases = (
				45506DB12744BAD5008E30C0 /* Sources */,
				45506DB22744BAD5008E30C0 /* Frameworks */,
				45506DB32744BAD5008E30C0 /* Resources */,
			);
			buildRules = (
			);
			dependencies = (
			);
			name = hifumitogo;
			packageProductDependencies = (
				45506DC92744BEE6008E30C0 /* Alamofire */,
			);
			productName = hifumitogo;
			productReference = 45506DB52744BAD5008E30C0 /* hifumitogo.appex */;
			productType = "com.apple.product-type.app-extension";
		};
		45AA096E26EB8A5C001043AE /* star */ = {
			isa = PBXNativeTarget;
			buildConfigurationList = 45AA097E26EB8A5D001043AE /* Build configuration list for PBXNativeTarget "star" */;
			buildPhases = (
				45AA096B26EB8A5C001043AE /* Sources */,
				45AA096C26EB8A5C001043AE /* Frameworks */,
				45AA096D26EB8A5C001043AE /* Resources */,
				45506DC02744BAD5008E30C0 /* Embed App Extensions */,
			);
			buildRules = (
			);
			dependencies = (
				45506DBE2744BAD5008E30C0 /* PBXTargetDependency */,
			);
			name = star;
			packageProductDependencies = (
				454480DD26EB8FE7003B0AFE /* Alamofire */,
				454480E726EBA34D003B0AFE /* AlertToast */,
				4573D79C26EC3A1600556DF7 /* Introspect */,
				4573D7A026EC525B00556DF7 /* ImageViewer */,
			);
			productName = star;
			productReference = 45AA096F26EB8A5C001043AE /* star.app */;
			productType = "com.apple.product-type.application";
		};
/* End PBXNativeTarget section */

/* Begin PBXProject section */
		45AA096726EB8A5C001043AE /* Project object */ = {
			isa = PBXProject;
			attributes = {
				LastSwiftUpdateCheck = 1300;
				LastUpgradeCheck = 1300;
				TargetAttributes = {
					45506DB42744BAD5008E30C0 = {
						CreatedOnToolsVersion = 13.0;
					};
					45AA096E26EB8A5C001043AE = {
						CreatedOnToolsVersion = 12.5.1;
					};
				};
			};
			buildConfigurationList = 45AA096A26EB8A5C001043AE /* Build configuration list for PBXProject "star" */;
			compatibilityVersion = "Xcode 9.3";
			developmentRegion = en;
			hasScannedForEncodings = 0;
			knownRegions = (
				en,
				Base,
				"zh-Hans",
				"zh-Hant",
				ja,
			);
			mainGroup = 45AA096626EB8A5C001043AE;
			packageReferences = (
				454480DC26EB8FE7003B0AFE /* XCRemoteSwiftPackageReference "Alamofire" */,
				454480E626EBA34D003B0AFE /* XCRemoteSwiftPackageReference "AlertToast" */,
				4573D79B26EC3A1600556DF7 /* XCRemoteSwiftPackageReference "SwiftUI-Introspect" */,
				4573D79F26EC525B00556DF7 /* XCRemoteSwiftPackageReference "swiftui-image-viewer" */,
			);
			productRefGroup = 45AA097026EB8A5C001043AE /* Products */;
			projectDirPath = "";
			projectRoot = "";
			targets = (
				45AA096E26EB8A5C001043AE /* star */,
				45506DB42744BAD5008E30C0 /* hifumitogo */,
			);
		};
/* End PBXProject section */

/* Begin PBXResourcesBuildPhase section */
		45506DB32744BAD5008E30C0 /* Resources */ = {
			isa = PBXResourcesBuildPhase;
			buildActionMask = 2147483647;
			files = (
			);
			runOnlyForDeploymentPostprocessing = 0;
		};
		45AA096D26EB8A5C001043AE /* Resources */ = {
			isa = PBXResourcesBuildPhase;
			buildActionMask = 2147483647;
			files = (
				45AA097A26EB8A5D001043AE /* Preview Assets.xcassets in Resources */,
				4576F10026EC31E0006597CC /* InfoPlist.strings in Resources */,
				452C408B26F191F7000607D9 /* Settings.bundle in Resources */,
				454480D726EB8B98003B0AFE /* Localizable.strings in Resources */,
				DFB1E46526EFF2E60035A8F3 /* Localizable.stringsdict in Resources */,
				45AA097726EB8A5D001043AE /* Assets.xcassets in Resources */,
			);
			runOnlyForDeploymentPostprocessing = 0;
		};
/* End PBXResourcesBuildPhase section */

/* Begin PBXSourcesBuildPhase section */
		45506DB12744BAD5008E30C0 /* Sources */ = {
			isa = PBXSourcesBuildPhase;
			buildActionMask = 2147483647;
			files = (
				45506DC62744BAFC008E30C0 /* Intents.intentdefinition in Sources */,
				45506DBB2744BAD5008E30C0 /* IntentHandler.swift in Sources */,
				45506DC82744BBD2008E30C0 /* TransferMediaIntentHandler.swift in Sources */,
			);
			runOnlyForDeploymentPostprocessing = 0;
		};
		45AA096B26EB8A5C001043AE /* Sources */ = {
			isa = PBXSourcesBuildPhase;
			buildActionMask = 2147483647;
			files = (
				454480D426EB8B49003B0AFE /* ConnectionView.swift in Sources */,
				4576F10526EC355E006597CC /* ImageDetailView.swift in Sources */,
				454480E126EB90CF003B0AFE /* Debug.swift in Sources */,
				454480EB26EBBA21003B0AFE /* ImageLoader.swift in Sources */,
				45AEA2FB26EC649E008B06AA /* AboutView.swift in Sources */,
				454480E526EB9F95003B0AFE /* Files.swift in Sources */,
				454480E326EB9C65003B0AFE /* AlbumView.swift in Sources */,
				45AA097326EB8A5C001043AE /* starApp.swift in Sources */,
				45506DC52744BAFC008E30C0 /* Intents.intentdefinition in Sources */,
				45AEA2F926EC625F008B06AA /* VideoPlayerView.swift in Sources */,
			);
			runOnlyForDeploymentPostprocessing = 0;
		};
/* End PBXSourcesBuildPhase section */

/* Begin PBXTargetDependency section */
		45506DBE2744BAD5008E30C0 /* PBXTargetDependency */ = {
			isa = PBXTargetDependency;
			target = 45506DB42744BAD5008E30C0 /* hifumitogo */;
			targetProxy = 45506DBD2744BAD5008E30C0 /* PBXContainerItemProxy */;
		};
/* End PBXTargetDependency section */

/* Begin PBXVariantGroup section */
		454480D926EB8B98003B0AFE /* Localizable.strings */ = {
			isa = PBXVariantGroup;
			children = (
				454480D826EB8B98003B0AFE /* en */,
				454480DA26EB8B99003B0AFE /* zh-Hans */,
				DFB1E46926EFF6CC0035A8F3 /* zh-Hant */,
				DFB1E46C26EFF9230035A8F3 /* ja */,
			);
			name = Localizable.strings;
			sourceTree = "<group>";
		};
		4576F10226EC31E0006597CC /* InfoPlist.strings */ = {
			isa = PBXVariantGroup;
			children = (
				4576F10126EC31E0006597CC /* en */,
				4576F10326EC31E1006597CC /* zh-Hans */,
				DFB1E46B26EFF6CC0035A8F3 /* zh-Hant */,
				DFB1E46D26EFF9230035A8F3 /* ja */,
			);
			name = InfoPlist.strings;
			sourceTree = "<group>";
		};
		DFB1E46726EFF2E60035A8F3 /* Localizable.stringsdict */ = {
			isa = PBXVariantGroup;
			children = (
				DFB1E46626EFF2E60035A8F3 /* en */,
				452C408C26F2FBD8000607D9 /* zh-Hans */,
				452C408D26F2FBDB000607D9 /* zh-Hant */,
				452C408E26F2FBDC000607D9 /* ja */,
			);
			name = Localizable.stringsdict;
			sourceTree = "<group>";
		};
/* End PBXVariantGroup section */

/* Begin XCBuildConfiguration section */
		45506DC12744BAD5008E30C0 /* Debug */ = {
			isa = XCBuildConfiguration;
			buildSettings = {
				CLANG_CXX_LANGUAGE_STANDARD = "gnu++17";
				CODE_SIGN_STYLE = Automatic;
				CURRENT_PROJECT_VERSION = 1;
				DEVELOPMENT_TEAM = AEV7JY3XBK;
				GENERATE_INFOPLIST_FILE = YES;
				INFOPLIST_FILE = hifumitogo/Info.plist;
				INFOPLIST_KEY_CFBundleDisplayName = hifumitogo;
				INFOPLIST_KEY_NSHumanReadableCopyright = "";
				IPHONEOS_DEPLOYMENT_TARGET = 15.0;
				LD_RUNPATH_SEARCH_PATHS = (
					"$(inherited)",
					"@executable_path/Frameworks",
					"@executable_path/../../Frameworks",
				);
				MARKETING_VERSION = 1.0;
				PRODUCT_BUNDLE_IDENTIFIER = com.astrianzheng.star.hifumitogo;
				PRODUCT_NAME = "$(TARGET_NAME)";
				SKIP_INSTALL = YES;
				SWIFT_EMIT_LOC_STRINGS = YES;
				SWIFT_VERSION = 5.0;
				TARGETED_DEVICE_FAMILY = "1,2";
			};
			name = Debug;
		};
		45506DC22744BAD5008E30C0 /* Release */ = {
			isa = XCBuildConfiguration;
			buildSettings = {
				CLANG_CXX_LANGUAGE_STANDARD = "gnu++17";
				CODE_SIGN_STYLE = Automatic;
				CURRENT_PROJECT_VERSION = 1;
				DEVELOPMENT_TEAM = AEV7JY3XBK;
				GENERATE_INFOPLIST_FILE = YES;
				INFOPLIST_FILE = hifumitogo/Info.plist;
				INFOPLIST_KEY_CFBundleDisplayName = hifumitogo;
				INFOPLIST_KEY_NSHumanReadableCopyright = "";
				IPHONEOS_DEPLOYMENT_TARGET = 15.0;
				LD_RUNPATH_SEARCH_PATHS = (
					"$(inherited)",
					"@executable_path/Frameworks",
					"@executable_path/../../Frameworks",
				);
				MARKETING_VERSION = 1.0;
				PRODUCT_BUNDLE_IDENTIFIER = com.astrianzheng.star.hifumitogo;
				PRODUCT_NAME = "$(TARGET_NAME)";
				SKIP_INSTALL = YES;
				SWIFT_EMIT_LOC_STRINGS = YES;
				SWIFT_VERSION = 5.0;
				TARGETED_DEVICE_FAMILY = "1,2";
			};
			name = Release;
		};
		45AA097C26EB8A5D001043AE /* Debug */ = {
			isa = XCBuildConfiguration;
			buildSettings = {
				ALWAYS_SEARCH_USER_PATHS = NO;
				CLANG_ANALYZER_LOCALIZABILITY_NONLOCALIZED = YES;
				CLANG_ANALYZER_NONNULL = YES;
				CLANG_ANALYZER_NUMBER_OBJECT_CONVERSION = YES_AGGRESSIVE;
				CLANG_CXX_LANGUAGE_STANDARD = "gnu++14";
				CLANG_CXX_LIBRARY = "libc++";
				CLANG_ENABLE_MODULES = YES;
				CLANG_ENABLE_OBJC_ARC = YES;
				CLANG_ENABLE_OBJC_WEAK = YES;
				CLANG_WARN_BLOCK_CAPTURE_AUTORELEASING = YES;
				CLANG_WARN_BOOL_CONVERSION = YES;
				CLANG_WARN_COMMA = YES;
				CLANG_WARN_CONSTANT_CONVERSION = YES;
				CLANG_WARN_DEPRECATED_OBJC_IMPLEMENTATIONS = YES;
				CLANG_WARN_DIRECT_OBJC_ISA_USAGE = YES_ERROR;
				CLANG_WARN_DOCUMENTATION_COMMENTS = YES;
				CLANG_WARN_EMPTY_BODY = YES;
				CLANG_WARN_ENUM_CONVERSION = YES;
				CLANG_WARN_INFINITE_RECURSION = YES;
				CLANG_WARN_INT_CONVERSION = YES;
				CLANG_WARN_NON_LITERAL_NULL_CONVERSION = YES;
				CLANG_WARN_OBJC_IMPLICIT_RETAIN_SELF = YES;
				CLANG_WARN_OBJC_LITERAL_CONVERSION = YES;
				CLANG_WARN_OBJC_ROOT_CLASS = YES_ERROR;
				CLANG_WARN_QUOTED_INCLUDE_IN_FRAMEWORK_HEADER = YES;
				CLANG_WARN_RANGE_LOOP_ANALYSIS = YES;
				CLANG_WARN_STRICT_PROTOTYPES = YES;
				CLANG_WARN_SUSPICIOUS_MOVE = YES;
				CLANG_WARN_UNGUARDED_AVAILABILITY = YES_AGGRESSIVE;
				CLANG_WARN_UNREACHABLE_CODE = YES;
				CLANG_WARN__DUPLICATE_METHOD_MATCH = YES;
				COPY_PHASE_STRIP = NO;
				DEBUG_INFORMATION_FORMAT = dwarf;
				ENABLE_STRICT_OBJC_MSGSEND = YES;
				ENABLE_TESTABILITY = YES;
				GCC_C_LANGUAGE_STANDARD = gnu11;
				GCC_DYNAMIC_NO_PIC = NO;
				GCC_NO_COMMON_BLOCKS = YES;
				GCC_OPTIMIZATION_LEVEL = 0;
				GCC_PREPROCESSOR_DEFINITIONS = (
					"DEBUG=1",
					"$(inherited)",
				);
				GCC_WARN_64_TO_32_BIT_CONVERSION = YES;
				GCC_WARN_ABOUT_RETURN_TYPE = YES_ERROR;
				GCC_WARN_UNDECLARED_SELECTOR = YES;
				GCC_WARN_UNINITIALIZED_AUTOS = YES_AGGRESSIVE;
				GCC_WARN_UNUSED_FUNCTION = YES;
				GCC_WARN_UNUSED_VARIABLE = YES;
				IPHONEOS_DEPLOYMENT_TARGET = 14.5;
				MTL_ENABLE_DEBUG_INFO = INCLUDE_SOURCE;
				MTL_FAST_MATH = YES;
				ONLY_ACTIVE_ARCH = YES;
				SDKROOT = iphoneos;
				SWIFT_ACTIVE_COMPILATION_CONDITIONS = DEBUG;
				SWIFT_OPTIMIZATION_LEVEL = "-Onone";
			};
			name = Debug;
		};
		45AA097D26EB8A5D001043AE /* Release */ = {
			isa = XCBuildConfiguration;
			buildSettings = {
				ALWAYS_SEARCH_USER_PATHS = NO;
				CLANG_ANALYZER_LOCALIZABILITY_NONLOCALIZED = YES;
				CLANG_ANALYZER_NONNULL = YES;
				CLANG_ANALYZER_NUMBER_OBJECT_CONVERSION = YES_AGGRESSIVE;
				CLANG_CXX_LANGUAGE_STANDARD = "gnu++14";
				CLANG_CXX_LIBRARY = "libc++";
				CLANG_ENABLE_MODULES = YES;
				CLANG_ENABLE_OBJC_ARC = YES;
				CLANG_ENABLE_OBJC_WEAK = YES;
				CLANG_WARN_BLOCK_CAPTURE_AUTORELEASING = YES;
				CLANG_WARN_BOOL_CONVERSION = YES;
				CLANG_WARN_COMMA = YES;
				CLANG_WARN_CONSTANT_CONVERSION = YES;
				CLANG_WARN_DEPRECATED_OBJC_IMPLEMENTATIONS = YES;
				CLANG_WARN_DIRECT_OBJC_ISA_USAGE = YES_ERROR;
				CLANG_WARN_DOCUMENTATION_COMMENTS = YES;
				CLANG_WARN_EMPTY_BODY = YES;
				CLANG_WARN_ENUM_CONVERSION = YES;
				CLANG_WARN_INFINITE_RECURSION = YES;
				CLANG_WARN_INT_CONVERSION = YES;
				CLANG_WARN_NON_LITERAL_NULL_CONVERSION = YES;
				CLANG_WARN_OBJC_IMPLICIT_RETAIN_SELF = YES;
				CLANG_WARN_OBJC_LITERAL_CONVERSION = YES;
				CLANG_WARN_OBJC_ROOT_CLASS = YES_ERROR;
				CLANG_WARN_QUOTED_INCLUDE_IN_FRAMEWORK_HEADER = YES;
				CLANG_WARN_RANGE_LOOP_ANALYSIS = YES;
				CLANG_WARN_STRICT_PROTOTYPES = YES;
				CLANG_WARN_SUSPICIOUS_MOVE = YES;
				CLANG_WARN_UNGUARDED_AVAILABILITY = YES_AGGRESSIVE;
				CLANG_WARN_UNREACHABLE_CODE = YES;
				CLANG_WARN__DUPLICATE_METHOD_MATCH = YES;
				COPY_PHASE_STRIP = NO;
				DEBUG_INFORMATION_FORMAT = "dwarf-with-dsym";
				ENABLE_NS_ASSERTIONS = NO;
				ENABLE_STRICT_OBJC_MSGSEND = YES;
				GCC_C_LANGUAGE_STANDARD = gnu11;
				GCC_NO_COMMON_BLOCKS = YES;
				GCC_WARN_64_TO_32_BIT_CONVERSION = YES;
				GCC_WARN_ABOUT_RETURN_TYPE = YES_ERROR;
				GCC_WARN_UNDECLARED_SELECTOR = YES;
				GCC_WARN_UNINITIALIZED_AUTOS = YES_AGGRESSIVE;
				GCC_WARN_UNUSED_FUNCTION = YES;
				GCC_WARN_UNUSED_VARIABLE = YES;
				IPHONEOS_DEPLOYMENT_TARGET = 14.5;
				MTL_ENABLE_DEBUG_INFO = NO;
				MTL_FAST_MATH = YES;
				SDKROOT = iphoneos;
				SWIFT_COMPILATION_MODE = wholemodule;
				SWIFT_OPTIMIZATION_LEVEL = "-O";
				VALIDATE_PRODUCT = YES;
			};
			name = Release;
		};
		45AA097F26EB8A5D001043AE /* Debug */ = {
			isa = XCBuildConfiguration;
			buildSettings = {
				ALWAYS_EMBED_SWIFT_STANDARD_LIBRARIES = YES;
				ASSETCATALOG_COMPILER_APPICON_NAME = AppIcon;
				ASSETCATALOG_COMPILER_GLOBAL_ACCENT_COLOR_NAME = AccentColor;
				CODE_SIGN_ENTITLEMENTS = star/star.entitlements;
				CODE_SIGN_STYLE = Automatic;
				CURRENT_PROJECT_VERSION = 2;
				DEVELOPMENT_ASSET_PATHS = "\"star/Preview Content\"";
				DEVELOPMENT_TEAM = AEV7JY3XBK;
				ENABLE_PREVIEWS = YES;
				INFOPLIST_FILE = star/Info.plist;
				IPHONEOS_DEPLOYMENT_TARGET = 14.0;
				LD_RUNPATH_SEARCH_PATHS = (
					"$(inherited)",
					"@executable_path/Frameworks",
				);
				MARKETING_VERSION = 1.0.0;
				PRODUCT_BUNDLE_IDENTIFIER = com.astrianzheng.star;
				PRODUCT_NAME = "$(TARGET_NAME)";
				SWIFT_VERSION = 5.0;
				TARGETED_DEVICE_FAMILY = 1;
			};
			name = Debug;
		};
		45AA098026EB8A5D001043AE /* Release */ = {
			isa = XCBuildConfiguration;
			buildSettings = {
				ALWAYS_EMBED_SWIFT_STANDARD_LIBRARIES = YES;
				ASSETCATALOG_COMPILER_APPICON_NAME = AppIcon;
				ASSETCATALOG_COMPILER_GLOBAL_ACCENT_COLOR_NAME = AccentColor;
				CODE_SIGN_ENTITLEMENTS = star/star.entitlements;
				CODE_SIGN_STYLE = Automatic;
				CURRENT_PROJECT_VERSION = 2;
				DEVELOPMENT_ASSET_PATHS = "\"star/Preview Content\"";
				DEVELOPMENT_TEAM = AEV7JY3XBK;
				ENABLE_PREVIEWS = YES;
				INFOPLIST_FILE = star/Info.plist;
				IPHONEOS_DEPLOYMENT_TARGET = 14.0;
				LD_RUNPATH_SEARCH_PATHS = (
					"$(inherited)",
					"@executable_path/Frameworks",
				);
				MARKETING_VERSION = 1.0.0;
				PRODUCT_BUNDLE_IDENTIFIER = com.astrianzheng.star;
				PRODUCT_NAME = "$(TARGET_NAME)";
				SWIFT_VERSION = 5.0;
				TARGETED_DEVICE_FAMILY = 1;
			};
			name = Release;
		};
/* End XCBuildConfiguration section */

/* Begin XCConfigurationList section */
		45506DC32744BAD5008E30C0 /* Build configuration list for PBXNativeTarget "hifumitogo" */ = {
			isa = XCConfigurationList;
			buildConfigurations = (
				45506DC12744BAD5008E30C0 /* Debug */,
				45506DC22744BAD5008E30C0 /* Release */,
			);
			defaultConfigurationIsVisible = 0;
			defaultConfigurationName = Release;
		};
		45AA096A26EB8A5C001043AE /* Build configuration list for PBXProject "star" */ = {
			isa = XCConfigurationList;
			buildConfigurations = (
				45AA097C26EB8A5D001043AE /* Debug */,
				45AA097D26EB8A5D001043AE /* Release */,
			);
			defaultConfigurationIsVisible = 0;
			defaultConfigurationName = Release;
		};
		45AA097E26EB8A5D001043AE /* Build configuration list for PBXNativeTarget "star" */ = {
			isa = XCConfigurationList;
			buildConfigurations = (
				45AA097F26EB8A5D001043AE /* Debug */,
				45AA098026EB8A5D001043AE /* Release */,
			);
			defaultConfigurationIsVisible = 0;
			defaultConfigurationName = Release;
		};
/* End XCConfigurationList section */

/* Begin XCRemoteSwiftPackageReference section */
		454480DC26EB8FE7003B0AFE /* XCRemoteSwiftPackageReference "Alamofire" */ = {
			isa = XCRemoteSwiftPackageReference;
			repositoryURL = "https://github.com/Alamofire/Alamofire";
			requirement = {
				kind = upToNextMajorVersion;
				minimumVersion = 5.0.0;
			};
		};
		454480E626EBA34D003B0AFE /* XCRemoteSwiftPackageReference "AlertToast" */ = {
			isa = XCRemoteSwiftPackageReference;
			repositoryURL = "https://github.com/elai950/AlertToast";
			requirement = {
				branch = master;
				kind = branch;
			};
		};
		4573D79B26EC3A1600556DF7 /* XCRemoteSwiftPackageReference "SwiftUI-Introspect" */ = {
			isa = XCRemoteSwiftPackageReference;
			repositoryURL = "https://github.com/siteline/SwiftUI-Introspect";
			requirement = {
				kind = upToNextMajorVersion;
				minimumVersion = 0.1.3;
			};
		};
		4573D79F26EC525B00556DF7 /* XCRemoteSwiftPackageReference "swiftui-image-viewer" */ = {
			isa = XCRemoteSwiftPackageReference;
			repositoryURL = "https://github.com/Jake-Short/swiftui-image-viewer";
			requirement = {
				branch = master;
				kind = branch;
			};
		};
/* End XCRemoteSwiftPackageReference section */

/* Begin XCSwiftPackageProductDependency section */
		454480DD26EB8FE7003B0AFE /* Alamofire */ = {
			isa = XCSwiftPackageProductDependency;
			package = 454480DC26EB8FE7003B0AFE /* XCRemoteSwiftPackageReference "Alamofire" */;
			productName = Alamofire;
		};
		454480E726EBA34D003B0AFE /* AlertToast */ = {
			isa = XCSwiftPackageProductDependency;
			package = 454480E626EBA34D003B0AFE /* XCRemoteSwiftPackageReference "AlertToast" */;
			productName = AlertToast;
		};
		45506DC92744BEE6008E30C0 /* Alamofire */ = {
			isa = XCSwiftPackageProductDependency;
			package = 454480DC26EB8FE7003B0AFE /* XCRemoteSwiftPackageReference "Alamofire" */;
			productName = Alamofire;
		};
		4573D79C26EC3A1600556DF7 /* Introspect */ = {
			isa = XCSwiftPackageProductDependency;
			package = 4573D79B26EC3A1600556DF7 /* XCRemoteSwiftPackageReference "SwiftUI-Introspect" */;
			productName = Introspect;
		};
		4573D7A026EC525B00556DF7 /* ImageViewer */ = {
			isa = XCSwiftPackageProductDependency;
			package = 4573D79F26EC525B00556DF7 /* XCRemoteSwiftPackageReference "swiftui-image-viewer" */;
			productName = ImageViewer;
		};
/* End XCSwiftPackageProductDependency section */
	};
	rootObject = 45AA096726EB8A5C001043AE /* Project object */;
}
